
Microsoft Visual Studio Solution File, Format Version 12.00
# Visual Studio Version 16
VisualStudioVersion = 16.0.31025.194
MinimumVisualStudioVersion = 10.0.40219.1
Project("{9A19103F-16F7-4668-BE54-9A1E7A4F7556}") = "Entities", "Entities\Entities.csproj", "{68F75BDD-EFA1-4ADC-AC56-E480E6F35EC5}"
EndProject
Project("{9A19103F-16F7-4668-BE54-9A1E7A4F7556}") = "DataAccess", "DataAccess\DataAccess.csproj", "{BBABDD9C-A4C0-44B4-B053-2D8DD65B9515}"
EndProject
Project("{9A19103F-16F7-4668-BE54-9A1E7A4F7556}") = "Business", "Business\Business.csproj", "{1261D58C-9E02-4A46-A2A9-E756B7A84729}"
EndProject
Project("{9A19103F-16F7-4668-BE54-9A1E7A4F7556}") = "ConsoleUI", "ConsoleUI\ConsoleUI.csproj", "{C45F5F82-1FCB-41C5-B8B8-4C80C04195A8}"
EndProject
Project("{FAE04EC0-301F-11D3-BF4B-00C04F79EFBC}") = "Core", "Core\Core.csproj", "{6C1FB382-B993-4A50-8453-7CA4B95D83EA}"
EndProject
Global
	GlobalSection(SolutionConfigurationPlatforms) = preSolution
		Debug|Any CPU = Debug|Any CPU
		Release|Any CPU = Release|Any CPU
	EndGlobalSection
	GlobalSection(ProjectConfigurationPlatforms) = postSolution
		{68F75BDD-EFA1-4ADC-AC56-E480E6F35EC5}.Debug|Any CPU.ActiveCfg = Debug|Any CPU
		{68F75BDD-EFA1-4ADC-AC56-E480E6F35EC5}.Debug|Any CPU.Build.0 = Debug|Any CPU
		{68F75BDD-EFA1-4ADC-AC56-E480E6F35EC5}.Release|Any CPU.ActiveCfg = Release|Any CPU
		{68F75BDD-EFA1-4ADC-AC56-E480E6F35EC5}.Release|Any CPU.Build.0 = Release|Any CPU
		{BBABDD9C-A4C0-44B4-B053-2D8DD65B9515}.Debug|Any CPU.ActiveCfg = Debug|Any CPU
		{BBABDD9C-A4C0-44B4-B053-2D8DD65B9515}.Debug|Any CPU.Build.0 = Debug|Any CPU
		{BBABDD9C-A4C0-44B4-B053-2D8DD65B9515}.Release|Any CPU.ActiveCfg = Release|Any CPU
		{BBABDD9C-A4C0-44B4-B053-2D8DD65B9515}.Release|Any CPU.Build.0 = Release|Any CPU
		{1261D58C-9E02-4A46-A2A9-E756B7A84729}.Debug|Any CPU.ActiveCfg = Debug|Any CPU
		{1261D58C-9E02-4A46-A2A9-E756B7A84729}.Debug|Any CPU.Build.0 = Debug|Any CPU
		{1261D58C-9E02-4A46-A2A9-E756B7A84729}.Release|Any CPU.ActiveCfg = Release|Any CPU
		{1261D58C-9E02-4A46-A2A9-E756B7A84729}.Release|Any CPU.Build.0 = Release|Any CPU
		{C45F5F82-1FCB-41C5-B8B8-4C80C04195A8}.Debug|Any CPU.ActiveCfg = Debug|Any CPU
		{C45F5F82-1FCB-41C5-B8B8-4C80C04195A8}.Debug|Any CPU.Build.0 = Debug|Any CPU
		{C45F5F82-1FCB-41C5-B8B8-4C80C04195A8}.Release|Any CPU.ActiveCfg = Release|Any CPU
		{C45F5F82-1FCB-41C5-B8B8-4C80C04195A8}.Release|Any CPU.Build.0 = Release|Any CPU
		{6C1FB382-B993-4A50-8453-7CA4B95D83EA}.Debug|Any CPU.ActiveCfg = Debug|Any CPU
		{6C1FB382-B993-4A50-8453-7CA4B95D83EA}.Debug|Any CPU.Build.0 = Debug|Any CPU
		{6C1FB382-B993-4A50-8453-7CA4B95D83EA}.Release|Any CPU.ActiveCfg = Release|Any CPU
		{6C1FB382-B993-4A50-8453-7CA4B95D83EA}.Release|Any CPU.Build.0 = Release|Any CPU
	EndGlobalSection
	GlobalSection(SolutionProperties) = preSolution
		HideSolutionNode = FALSE
	EndGlobalSection
	GlobalSection(ExtensibilityGlobals) = postSolution
		SolutionGuid = {5DCACA31-BF63-41B6-923F-FFE918EDE15E}
	EndGlobalSection
EndGlobal
